// !$*UTF8*$!
{
	archiveVersion = 1;
	classes = {
	};
	objectVersion = 46;
	objects = {

/* Begin PBXBuildFile section */
		11134D2416695AD60061BDED /* HelperMethods.m in Sources */ = {isa = PBXBuildFile; fileRef = 11134D2316695AD60061BDED /* HelperMethods.m */; };
		1117E57B1676BFCD0046AA69 /* libresolv.dylib in Frameworks */ = {isa = PBXBuildFile; fileRef = 1117E57A1676BFCD0046AA69 /* libresolv.dylib */; };
		113D861916795AB900A15888 /* ASNRequest.m in Sources */ = {isa = PBXBuildFile; fileRef = 113D861816795AB900A15888 /* ASNRequest.m */; };
		11D4CFBC1677B67200ED328D /* SCDispatchQueue.m in Sources */ = {isa = PBXBuildFile; fileRef = 11D4CFBB1677B67200ED328D /* SCDispatchQueue.m */; };
		11D4CFC41677DAE400ED328D /* IndexBox.m in Sources */ = {isa = PBXBuildFile; fileRef = 11D4CFC31677DAE400ED328D /* IndexBox.m */; };
		1FA5962E167931F800C7E703 /* asinfo.json in Resources */ = {isa = PBXBuildFile; fileRef = 1FA5962D167931F800C7E703 /* asinfo.json */; };
		1FFD9C87165C9E7400FED149 /* as2attr.txt in Resources */ = {isa = PBXBuildFile; fileRef = 1FFD9C86165C9E7400FED149 /* as2attr.txt */; };
		A6B56BF2165AE28A00DDE753 /* Node.m in Sources */ = {isa = PBXBuildFile; fileRef = A6B56BF1165AE28A00DDE753 /* Node.m */; };
		A6B56BF9165AF53F00DDE753 /* Program.m in Sources */ = {isa = PBXBuildFile; fileRef = A6B56BF8165AF53F00DDE753 /* Program.m */; };
		A6B56BFA165AF98D00DDE753 /* line.fsh in Resources */ = {isa = PBXBuildFile; fileRef = A6B56BF3165AEDF700DDE753 /* line.fsh */; };
		A6B56BFB165AF98D00DDE753 /* line.vsh in Resources */ = {isa = PBXBuildFile; fileRef = A6B56BF4165AEDF700DDE753 /* line.vsh */; };
		A6D54A8C16544DBF00028B51 /* MapDisplay.m in Sources */ = {isa = PBXBuildFile; fileRef = A6D54A8B16544DBF00028B51 /* MapDisplay.m */; };
		A6D54A8F1654532100028B51 /* MapData.m in Sources */ = {isa = PBXBuildFile; fileRef = A6D54A8E1654532100028B51 /* MapData.m */; };
		A6DC6610165E926100EDA4F6 /* Camera.m in Sources */ = {isa = PBXBuildFile; fileRef = A6DC660F165E926100EDA4F6 /* Camera.m */; };
		A6DC6614165EE8FA00EDA4F6 /* DefaultVisualization.m in Sources */ = {isa = PBXBuildFile; fileRef = A6DC6613165EE8F900EDA4F6 /* DefaultVisualization.m */; };
		A6E6DB681676A0CE00B78F44 /* Lines.m in Sources */ = {isa = PBXBuildFile; fileRef = A6E6DB671676A0CD00B78F44 /* Lines.m */; };
		A6E6DB6C1676B6C800B78F44 /* Connection.m in Sources */ = {isa = PBXBuildFile; fileRef = A6E6DB6B1676B6C700B78F44 /* Connection.m */; };
		A6F3F5631640F1FB0070E6AE /* UIKit.framework in Frameworks */ = {isa = PBXBuildFile; fileRef = A6F3F5621640F1FB0070E6AE /* UIKit.framework */; };
		A6F3F5651640F1FB0070E6AE /* Foundation.framework in Frameworks */ = {isa = PBXBuildFile; fileRef = A6F3F5641640F1FB0070E6AE /* Foundation.framework */; };
		A6F3F5671640F1FB0070E6AE /* CoreGraphics.framework in Frameworks */ = {isa = PBXBuildFile; fileRef = A6F3F5661640F1FB0070E6AE /* CoreGraphics.framework */; };
		A6F3F5691640F1FB0070E6AE /* GLKit.framework in Frameworks */ = {isa = PBXBuildFile; fileRef = A6F3F5681640F1FB0070E6AE /* GLKit.framework */; };
		A6F3F56B1640F1FB0070E6AE /* OpenGLES.framework in Frameworks */ = {isa = PBXBuildFile; fileRef = A6F3F56A1640F1FB0070E6AE /* OpenGLES.framework */; };
		A6F3F5711640F1FB0070E6AE /* InfoPlist.strings in Resources */ = {isa = PBXBuildFile; fileRef = A6F3F56F1640F1FB0070E6AE /* InfoPlist.strings */; };
		A6F3F5731640F1FB0070E6AE /* main.m in Sources */ = {isa = PBXBuildFile; fileRef = A6F3F5721640F1FB0070E6AE /* main.m */; };
		A6F3F5771640F1FB0070E6AE /* AppDelegate.m in Sources */ = {isa = PBXBuildFile; fileRef = A6F3F5761640F1FB0070E6AE /* AppDelegate.m */; };
		A6F3F5791640F1FB0070E6AE /* Default.png in Resources */ = {isa = PBXBuildFile; fileRef = A6F3F5781640F1FB0070E6AE /* Default.png */; };
		A6F3F57B1640F1FB0070E6AE /* Default@2x.png in Resources */ = {isa = PBXBuildFile; fileRef = A6F3F57A1640F1FB0070E6AE /* Default@2x.png */; };
		A6F3F57D1640F1FB0070E6AE /* Default-568h@2x.png in Resources */ = {isa = PBXBuildFile; fileRef = A6F3F57C1640F1FB0070E6AE /* Default-568h@2x.png */; };
		A6F3F57F1640F1FB0070E6AE /* node.fsh in Resources */ = {isa = PBXBuildFile; fileRef = A6F3F57E1640F1FB0070E6AE /* node.fsh */; };
		A6F3F5811640F1FB0070E6AE /* node.vsh in Resources */ = {isa = PBXBuildFile; fileRef = A6F3F5801640F1FB0070E6AE /* node.vsh */; };
		A6F3F5841640F1FB0070E6AE /* ViewController.m in Sources */ = {isa = PBXBuildFile; fileRef = A6F3F5831640F1FB0070E6AE /* ViewController.m */; };
		A6F3F5871640F1FB0070E6AE /* ViewController_iPhone.xib in Resources */ = {isa = PBXBuildFile; fileRef = A6F3F5851640F1FB0070E6AE /* ViewController_iPhone.xib */; };
		A6F3F58A1640F1FB0070E6AE /* ViewController_iPad.xib in Resources */ = {isa = PBXBuildFile; fileRef = A6F3F5881640F1FB0070E6AE /* ViewController_iPad.xib */; };
		A6F3F5911640F7080070E6AE /* data.txt in Resources */ = {isa = PBXBuildFile; fileRef = A6F3F5901640F7080070E6AE /* data.txt */; };
		D4CEA32C16694E65004B8E8A /* eye.png in Resources */ = {isa = PBXBuildFile; fileRef = D4CEA32216694E65004B8E8A /* eye.png */; };
		D4CEA32D16694E65004B8E8A /* eye@2x.png in Resources */ = {isa = PBXBuildFile; fileRef = D4CEA32316694E65004B8E8A /* eye@2x.png */; };
		D4CEA32E16694E65004B8E8A /* peer1logo.png in Resources */ = {isa = PBXBuildFile; fileRef = D4CEA32416694E65004B8E8A /* peer1logo.png */; };
		D4CEA32F16694E65004B8E8A /* peer1logo@2x.png in Resources */ = {isa = PBXBuildFile; fileRef = D4CEA32516694E65004B8E8A /* peer1logo@2x.png */; };
		D4CEA33016694E65004B8E8A /* search.png in Resources */ = {isa = PBXBuildFile; fileRef = D4CEA32616694E65004B8E8A /* search.png */; };
		D4CEA33116694E65004B8E8A /* search@2x.png in Resources */ = {isa = PBXBuildFile; fileRef = D4CEA32716694E65004B8E8A /* search@2x.png */; };
		D4CEA33216694E65004B8E8A /* travelback.png in Resources */ = {isa = PBXBuildFile; fileRef = D4CEA32816694E65004B8E8A /* travelback.png */; };
		D4CEA33316694E65004B8E8A /* travelback@2x.png in Resources */ = {isa = PBXBuildFile; fileRef = D4CEA32916694E65004B8E8A /* travelback@2x.png */; };
		D4CEA33416694E65004B8E8A /* youarehere.png in Resources */ = {isa = PBXBuildFile; fileRef = D4CEA32A16694E65004B8E8A /* youarehere.png */; };
		D4CEA33516694E65004B8E8A /* youarehere@2x.png in Resources */ = {isa = PBXBuildFile; fileRef = D4CEA32B16694E65004B8E8A /* youarehere@2x.png */; };
		D4CEA338166962F8004B8E8A /* VisualizationsTableViewController.m in Sources */ = {isa = PBXBuildFile; fileRef = D4CEA337166962F8004B8E8A /* VisualizationsTableViewController.m */; };
		D4D17D1E166EA613003A489C /* NodeInformationViewController.m in Sources */ = {isa = PBXBuildFile; fileRef = D4D17D1C166EA612003A489C /* NodeInformationViewController.m */; };
		D4D17D1F166EA613003A489C /* NodeInformationViewController.xib in Resources */ = {isa = PBXBuildFile; fileRef = D4D17D1D166EA613003A489C /* NodeInformationViewController.xib */; };
		D4F65E02166D6D530077BF5A /* NodeSearchViewController.m in Sources */ = {isa = PBXBuildFile; fileRef = D4F65E01166D6D530077BF5A /* NodeSearchViewController.m */; };
/* End PBXBuildFile section */

/* Begin PBXFileReference section */
		11134D2216695AD60061BDED /* HelperMethods.h */ = {isa = PBXFileReference; fileEncoding = 4; lastKnownFileType = sourcecode.c.h; path = HelperMethods.h; sourceTree = "<group>"; };
		11134D2316695AD60061BDED /* HelperMethods.m */ = {isa = PBXFileReference; fileEncoding = 4; lastKnownFileType = sourcecode.c.objc; path = HelperMethods.m; sourceTree = "<group>"; };
		1117E57A1676BFCD0046AA69 /* libresolv.dylib */ = {isa = PBXFileReference; lastKnownFileType = "compiled.mach-o.dylib"; name = libresolv.dylib; path = usr/lib/libresolv.dylib; sourceTree = SDKROOT; };
		113D861716795AB900A15888 /* ASNRequest.h */ = {isa = PBXFileReference; fileEncoding = 4; lastKnownFileType = sourcecode.c.h; path = ASNRequest.h; sourceTree = "<group>"; };
		113D861816795AB900A15888 /* ASNRequest.m */ = {isa = PBXFileReference; fileEncoding = 4; lastKnownFileType = sourcecode.c.objc; path = ASNRequest.m; sourceTree = "<group>"; };
		11D4CFBA1677B67200ED328D /* SCDispatchQueue.h */ = {isa = PBXFileReference; fileEncoding = 4; lastKnownFileType = sourcecode.c.h; path = SCDispatchQueue.h; sourceTree = "<group>"; };
		11D4CFBB1677B67200ED328D /* SCDispatchQueue.m */ = {isa = PBXFileReference; fileEncoding = 4; lastKnownFileType = sourcecode.c.objc; path = SCDispatchQueue.m; sourceTree = "<group>"; };
		11D4CFC21677DAE400ED328D /* IndexBox.h */ = {isa = PBXFileReference; fileEncoding = 4; lastKnownFileType = sourcecode.c.h; path = IndexBox.h; sourceTree = "<group>"; };
		11D4CFC31677DAE400ED328D /* IndexBox.m */ = {isa = PBXFileReference; fileEncoding = 4; lastKnownFileType = sourcecode.c.objc; path = IndexBox.m; sourceTree = "<group>"; };
		1FA5962D167931F800C7E703 /* asinfo.json */ = {isa = PBXFileReference; fileEncoding = 4; lastKnownFileType = text.json; name = asinfo.json; path = InternetMap/asinfo.json; sourceTree = "<group>"; };
		1FFD9C86165C9E7400FED149 /* as2attr.txt */ = {isa = PBXFileReference; fileEncoding = 4; lastKnownFileType = text; name = as2attr.txt; path = InternetMap/as2attr.txt; sourceTree = "<group>"; };
		A6B56BF0165AE28A00DDE753 /* Node.h */ = {isa = PBXFileReference; fileEncoding = 4; lastKnownFileType = sourcecode.c.h; path = Node.h; sourceTree = "<group>"; };
		A6B56BF1165AE28A00DDE753 /* Node.m */ = {isa = PBXFileReference; fileEncoding = 4; lastKnownFileType = sourcecode.c.objc; path = Node.m; sourceTree = "<group>"; };
		A6B56BF3165AEDF700DDE753 /* line.fsh */ = {isa = PBXFileReference; fileEncoding = 4; lastKnownFileType = sourcecode.glsl; name = line.fsh; path = Shaders/line.fsh; sourceTree = "<group>"; };
		A6B56BF4165AEDF700DDE753 /* line.vsh */ = {isa = PBXFileReference; fileEncoding = 4; lastKnownFileType = sourcecode.glsl; name = line.vsh; path = Shaders/line.vsh; sourceTree = "<group>"; };
		A6B56BF7165AF53E00DDE753 /* Program.h */ = {isa = PBXFileReference; fileEncoding = 4; lastKnownFileType = sourcecode.c.h; path = Program.h; sourceTree = "<group>"; };
		A6B56BF8165AF53F00DDE753 /* Program.m */ = {isa = PBXFileReference; fileEncoding = 4; lastKnownFileType = sourcecode.c.objc; path = Program.m; sourceTree = "<group>"; };
		A6D54A8A16544DBF00028B51 /* MapDisplay.h */ = {isa = PBXFileReference; fileEncoding = 4; lastKnownFileType = sourcecode.c.h; path = MapDisplay.h; sourceTree = "<group>"; };
		A6D54A8B16544DBF00028B51 /* MapDisplay.m */ = {isa = PBXFileReference; fileEncoding = 4; lastKnownFileType = sourcecode.c.objc; path = MapDisplay.m; sourceTree = "<group>"; };
		A6D54A8D1654532100028B51 /* MapData.h */ = {isa = PBXFileReference; fileEncoding = 4; lastKnownFileType = sourcecode.c.h; path = MapData.h; sourceTree = "<group>"; };
		A6D54A8E1654532100028B51 /* MapData.m */ = {isa = PBXFileReference; fileEncoding = 4; lastKnownFileType = sourcecode.c.objc; path = MapData.m; sourceTree = "<group>"; };
		A6DC660E165E926100EDA4F6 /* Camera.h */ = {isa = PBXFileReference; fileEncoding = 4; lastKnownFileType = sourcecode.c.h; path = Camera.h; sourceTree = "<group>"; };
		A6DC660F165E926100EDA4F6 /* Camera.m */ = {isa = PBXFileReference; fileEncoding = 4; lastKnownFileType = sourcecode.c.objc; path = Camera.m; sourceTree = "<group>"; };
		A6DC6611165EE8D200EDA4F6 /* Visualization.h */ = {isa = PBXFileReference; lastKnownFileType = sourcecode.c.h; path = Visualization.h; sourceTree = "<group>"; };
		A6DC6612165EE8F900EDA4F6 /* DefaultVisualization.h */ = {isa = PBXFileReference; fileEncoding = 4; lastKnownFileType = sourcecode.c.h; path = DefaultVisualization.h; sourceTree = "<group>"; };
		A6DC6613165EE8F900EDA4F6 /* DefaultVisualization.m */ = {isa = PBXFileReference; fileEncoding = 4; lastKnownFileType = sourcecode.c.objc; path = DefaultVisualization.m; sourceTree = "<group>"; };
		A6E6DB661676A0CD00B78F44 /* Lines.h */ = {isa = PBXFileReference; fileEncoding = 4; lastKnownFileType = sourcecode.c.h; path = Lines.h; sourceTree = "<group>"; };
		A6E6DB671676A0CD00B78F44 /* Lines.m */ = {isa = PBXFileReference; fileEncoding = 4; lastKnownFileType = sourcecode.c.objc; path = Lines.m; sourceTree = "<group>"; };
		A6E6DB6A1676B6C700B78F44 /* Connection.h */ = {isa = PBXFileReference; fileEncoding = 4; lastKnownFileType = sourcecode.c.h; path = Connection.h; sourceTree = "<group>"; };
		A6E6DB6B1676B6C700B78F44 /* Connection.m */ = {isa = PBXFileReference; fileEncoding = 4; lastKnownFileType = sourcecode.c.objc; path = Connection.m; sourceTree = "<group>"; };
		A6F3F55E1640F1FB0070E6AE /* InternetMap.app */ = {isa = PBXFileReference; explicitFileType = wrapper.application; includeInIndex = 0; path = InternetMap.app; sourceTree = BUILT_PRODUCTS_DIR; };
		A6F3F5621640F1FB0070E6AE /* UIKit.framework */ = {isa = PBXFileReference; lastKnownFileType = wrapper.framework; name = UIKit.framework; path = System/Library/Frameworks/UIKit.framework; sourceTree = SDKROOT; };
		A6F3F5641640F1FB0070E6AE /* Foundation.framework */ = {isa = PBXFileReference; lastKnownFileType = wrapper.framework; name = Foundation.framework; path = System/Library/Frameworks/Foundation.framework; sourceTree = SDKROOT; };
		A6F3F5661640F1FB0070E6AE /* CoreGraphics.framework */ = {isa = PBXFileReference; lastKnownFileType = wrapper.framework; name = CoreGraphics.framework; path = System/Library/Frameworks/CoreGraphics.framework; sourceTree = SDKROOT; };
		A6F3F5681640F1FB0070E6AE /* GLKit.framework */ = {isa = PBXFileReference; lastKnownFileType = wrapper.framework; name = GLKit.framework; path = System/Library/Frameworks/GLKit.framework; sourceTree = SDKROOT; };
		A6F3F56A1640F1FB0070E6AE /* OpenGLES.framework */ = {isa = PBXFileReference; lastKnownFileType = wrapper.framework; name = OpenGLES.framework; path = System/Library/Frameworks/OpenGLES.framework; sourceTree = SDKROOT; };
		A6F3F56E1640F1FB0070E6AE /* InternetMap-Info.plist */ = {isa = PBXFileReference; lastKnownFileType = text.plist.xml; path = "InternetMap-Info.plist"; sourceTree = "<group>"; };
		A6F3F5701640F1FB0070E6AE /* en */ = {isa = PBXFileReference; lastKnownFileType = text.plist.strings; name = en; path = en.lproj/InfoPlist.strings; sourceTree = "<group>"; };
		A6F3F5721640F1FB0070E6AE /* main.m */ = {isa = PBXFileReference; lastKnownFileType = sourcecode.c.objc; path = main.m; sourceTree = "<group>"; };
		A6F3F5741640F1FB0070E6AE /* InternetMap-Prefix.pch */ = {isa = PBXFileReference; lastKnownFileType = sourcecode.c.h; path = "InternetMap-Prefix.pch"; sourceTree = "<group>"; };
		A6F3F5751640F1FB0070E6AE /* AppDelegate.h */ = {isa = PBXFileReference; lastKnownFileType = sourcecode.c.h; path = AppDelegate.h; sourceTree = "<group>"; };
		A6F3F5761640F1FB0070E6AE /* AppDelegate.m */ = {isa = PBXFileReference; lastKnownFileType = sourcecode.c.objc; path = AppDelegate.m; sourceTree = "<group>"; };
		A6F3F5781640F1FB0070E6AE /* Default.png */ = {isa = PBXFileReference; lastKnownFileType = image.png; path = Default.png; sourceTree = "<group>"; };
		A6F3F57A1640F1FB0070E6AE /* Default@2x.png */ = {isa = PBXFileReference; lastKnownFileType = image.png; path = "Default@2x.png"; sourceTree = "<group>"; };
		A6F3F57C1640F1FB0070E6AE /* Default-568h@2x.png */ = {isa = PBXFileReference; lastKnownFileType = image.png; path = "Default-568h@2x.png"; sourceTree = "<group>"; };
		A6F3F57E1640F1FB0070E6AE /* node.fsh */ = {isa = PBXFileReference; lastKnownFileType = sourcecode.glsl; name = node.fsh; path = Shaders/node.fsh; sourceTree = "<group>"; };
		A6F3F5801640F1FB0070E6AE /* node.vsh */ = {isa = PBXFileReference; lastKnownFileType = sourcecode.glsl; name = node.vsh; path = Shaders/node.vsh; sourceTree = "<group>"; };
		A6F3F5821640F1FB0070E6AE /* ViewController.h */ = {isa = PBXFileReference; lastKnownFileType = sourcecode.c.h; path = ViewController.h; sourceTree = "<group>"; };
		A6F3F5831640F1FB0070E6AE /* ViewController.m */ = {isa = PBXFileReference; lastKnownFileType = sourcecode.c.objc; path = ViewController.m; sourceTree = "<group>"; };
		A6F3F5861640F1FB0070E6AE /* en */ = {isa = PBXFileReference; lastKnownFileType = file.xib; name = en; path = en.lproj/ViewController_iPhone.xib; sourceTree = "<group>"; };
		A6F3F5891640F1FB0070E6AE /* en */ = {isa = PBXFileReference; lastKnownFileType = file.xib; name = en; path = en.lproj/ViewController_iPad.xib; sourceTree = "<group>"; };
		A6F3F5901640F7080070E6AE /* data.txt */ = {isa = PBXFileReference; fileEncoding = 4; lastKnownFileType = text; name = data.txt; path = InternetMap/data.txt; sourceTree = "<group>"; };
		D4CEA32216694E65004B8E8A /* eye.png */ = {isa = PBXFileReference; lastKnownFileType = image.png; name = eye.png; path = Images/eye.png; sourceTree = "<group>"; };
		D4CEA32316694E65004B8E8A /* eye@2x.png */ = {isa = PBXFileReference; lastKnownFileType = image.png; name = "eye@2x.png"; path = "Images/eye@2x.png"; sourceTree = "<group>"; };
		D4CEA32416694E65004B8E8A /* peer1logo.png */ = {isa = PBXFileReference; lastKnownFileType = image.png; name = peer1logo.png; path = Images/peer1logo.png; sourceTree = "<group>"; };
		D4CEA32516694E65004B8E8A /* peer1logo@2x.png */ = {isa = PBXFileReference; lastKnownFileType = image.png; name = "peer1logo@2x.png"; path = "Images/peer1logo@2x.png"; sourceTree = "<group>"; };
		D4CEA32616694E65004B8E8A /* search.png */ = {isa = PBXFileReference; lastKnownFileType = image.png; name = search.png; path = Images/search.png; sourceTree = "<group>"; };
		D4CEA32716694E65004B8E8A /* search@2x.png */ = {isa = PBXFileReference; lastKnownFileType = image.png; name = "search@2x.png"; path = "Images/search@2x.png"; sourceTree = "<group>"; };
		D4CEA32816694E65004B8E8A /* travelback.png */ = {isa = PBXFileReference; lastKnownFileType = image.png; name = travelback.png; path = Images/travelback.png; sourceTree = "<group>"; };
		D4CEA32916694E65004B8E8A /* travelback@2x.png */ = {isa = PBXFileReference; lastKnownFileType = image.png; name = "travelback@2x.png"; path = "Images/travelback@2x.png"; sourceTree = "<group>"; };
		D4CEA32A16694E65004B8E8A /* youarehere.png */ = {isa = PBXFileReference; lastKnownFileType = image.png; name = youarehere.png; path = Images/youarehere.png; sourceTree = "<group>"; };
		D4CEA32B16694E65004B8E8A /* youarehere@2x.png */ = {isa = PBXFileReference; lastKnownFileType = image.png; name = "youarehere@2x.png"; path = "Images/youarehere@2x.png"; sourceTree = "<group>"; };
		D4CEA336166962F8004B8E8A /* VisualizationsTableViewController.h */ = {isa = PBXFileReference; fileEncoding = 4; lastKnownFileType = sourcecode.c.h; path = VisualizationsTableViewController.h; sourceTree = "<group>"; };
		D4CEA337166962F8004B8E8A /* VisualizationsTableViewController.m */ = {isa = PBXFileReference; fileEncoding = 4; lastKnownFileType = sourcecode.c.objc; path = VisualizationsTableViewController.m; sourceTree = "<group>"; };
		D4D17D1B166EA612003A489C /* NodeInformationViewController.h */ = {isa = PBXFileReference; fileEncoding = 4; lastKnownFileType = sourcecode.c.h; path = NodeInformationViewController.h; sourceTree = "<group>"; };
		D4D17D1C166EA612003A489C /* NodeInformationViewController.m */ = {isa = PBXFileReference; fileEncoding = 4; lastKnownFileType = sourcecode.c.objc; path = NodeInformationViewController.m; sourceTree = "<group>"; };
		D4D17D1D166EA613003A489C /* NodeInformationViewController.xib */ = {isa = PBXFileReference; fileEncoding = 4; lastKnownFileType = file.xib; path = NodeInformationViewController.xib; sourceTree = "<group>"; };
		D4F65E00166D6D530077BF5A /* NodeSearchViewController.h */ = {isa = PBXFileReference; fileEncoding = 4; lastKnownFileType = sourcecode.c.h; path = NodeSearchViewController.h; sourceTree = "<group>"; };
		D4F65E01166D6D530077BF5A /* NodeSearchViewController.m */ = {isa = PBXFileReference; fileEncoding = 4; lastKnownFileType = sourcecode.c.objc; path = NodeSearchViewController.m; sourceTree = "<group>"; };
/* End PBXFileReference section */

/* Begin PBXFrameworksBuildPhase section */
		A6F3F55B1640F1FB0070E6AE /* Frameworks */ = {
			isa = PBXFrameworksBuildPhase;
			buildActionMask = 2147483647;
			files = (
				1117E57B1676BFCD0046AA69 /* libresolv.dylib in Frameworks */,
				A6F3F5631640F1FB0070E6AE /* UIKit.framework in Frameworks */,
				A6F3F5651640F1FB0070E6AE /* Foundation.framework in Frameworks */,
				A6F3F5671640F1FB0070E6AE /* CoreGraphics.framework in Frameworks */,
				A6F3F5691640F1FB0070E6AE /* GLKit.framework in Frameworks */,
				A6F3F56B1640F1FB0070E6AE /* OpenGLES.framework in Frameworks */,
			);
			runOnlyForDeploymentPostprocessing = 0;
		};
/* End PBXFrameworksBuildPhase section */

/* Begin PBXGroup section */
		A6D54A8616544B3000028B51 /* Map */ = {
			isa = PBXGroup;
			children = (
				A6F3F57E1640F1FB0070E6AE /* node.fsh */,
				A6F3F5801640F1FB0070E6AE /* node.vsh */,
				A6B56BF3165AEDF700DDE753 /* line.fsh */,
				A6B56BF4165AEDF700DDE753 /* line.vsh */,
				A6D54A8D1654532100028B51 /* MapData.h */,
				A6D54A8E1654532100028B51 /* MapData.m */,
				A6D54A8A16544DBF00028B51 /* MapDisplay.h */,
				A6D54A8B16544DBF00028B51 /* MapDisplay.m */,
				11D4CFC21677DAE400ED328D /* IndexBox.h */,
				11D4CFC31677DAE400ED328D /* IndexBox.m */,
				A6B56BF0165AE28A00DDE753 /* Node.h */,
				A6B56BF1165AE28A00DDE753 /* Node.m */,
				A6E6DB6A1676B6C700B78F44 /* Connection.h */,
				A6E6DB6B1676B6C700B78F44 /* Connection.m */,
				A6B56BF7165AF53E00DDE753 /* Program.h */,
				A6B56BF8165AF53F00DDE753 /* Program.m */,
				A6DC660E165E926100EDA4F6 /* Camera.h */,
				A6DC660F165E926100EDA4F6 /* Camera.m */,
				A6DC6611165EE8D200EDA4F6 /* Visualization.h */,
				A6DC6612165EE8F900EDA4F6 /* DefaultVisualization.h */,
				A6DC6613165EE8F900EDA4F6 /* DefaultVisualization.m */,
				A6E6DB661676A0CD00B78F44 /* Lines.h */,
				A6E6DB671676A0CD00B78F44 /* Lines.m */,
			);
			name = Map;
			path = InternetMap;
			sourceTree = "<group>";
		};
		A6F3F5531640F1FB0070E6AE = {
			isa = PBXGroup;
			children = (
				1FFD9C86165C9E7400FED149 /* as2attr.txt */,
				1FA5962D167931F800C7E703 /* asinfo.json */,
				A6F3F5901640F7080070E6AE /* data.txt */,
				A6F3F56D1640F1FB0070E6AE /* Supporting Files */,
				A6F3F56C1640F1FB0070E6AE /* UI */,
				A6D54A8616544B3000028B51 /* Map */,
				A6F3F5611640F1FB0070E6AE /* Frameworks */,
				A6F3F55F1640F1FB0070E6AE /* Products */,
			);
			sourceTree = "<group>";
		};
		A6F3F55F1640F1FB0070E6AE /* Products */ = {
			isa = PBXGroup;
			children = (
				A6F3F55E1640F1FB0070E6AE /* InternetMap.app */,
			);
			name = Products;
			sourceTree = "<group>";
		};
		A6F3F5611640F1FB0070E6AE /* Frameworks */ = {
			isa = PBXGroup;
			children = (
				1117E57A1676BFCD0046AA69 /* libresolv.dylib */,
				A6F3F5621640F1FB0070E6AE /* UIKit.framework */,
				A6F3F5641640F1FB0070E6AE /* Foundation.framework */,
				A6F3F5661640F1FB0070E6AE /* CoreGraphics.framework */,
				A6F3F5681640F1FB0070E6AE /* GLKit.framework */,
				A6F3F56A1640F1FB0070E6AE /* OpenGLES.framework */,
			);
			name = Frameworks;
			sourceTree = "<group>";
		};
		A6F3F56C1640F1FB0070E6AE /* UI */ = {
			isa = PBXGroup;
			children = (
				D4F65DD9166D56A90077BF5A /* 3rd Party Code */,
				A6F3F5751640F1FB0070E6AE /* AppDelegate.h */,
				A6F3F5761640F1FB0070E6AE /* AppDelegate.m */,
				11134D2216695AD60061BDED /* HelperMethods.h */,
				11134D2316695AD60061BDED /* HelperMethods.m */,
				D4CEA32016694E53004B8E8A /* Images */,
				113D861716795AB900A15888 /* ASNRequest.h */,
				113D861816795AB900A15888 /* ASNRequest.m */,
				D4D17D1B166EA612003A489C /* NodeInformationViewController.h */,
				D4D17D1C166EA612003A489C /* NodeInformationViewController.m */,
				D4F65E00166D6D530077BF5A /* NodeSearchViewController.h */,
				D4F65E01166D6D530077BF5A /* NodeSearchViewController.m */,
				A6F3F5821640F1FB0070E6AE /* ViewController.h */,
				A6F3F5831640F1FB0070E6AE /* ViewController.m */,
				D4CEA336166962F8004B8E8A /* VisualizationsTableViewController.h */,
				D4CEA337166962F8004B8E8A /* VisualizationsTableViewController.m */,
				11D4CFBA1677B67200ED328D /* SCDispatchQueue.h */,
				11D4CFBB1677B67200ED328D /* SCDispatchQueue.m */,
				D4D17D20166EA621003A489C /* XIBs */,
			);
			name = UI;
			path = InternetMap;
			sourceTree = "<group>";
		};
		A6F3F56D1640F1FB0070E6AE /* Supporting Files */ = {
			isa = PBXGroup;
			children = (
				A6F3F56E1640F1FB0070E6AE /* InternetMap-Info.plist */,
				A6F3F56F1640F1FB0070E6AE /* InfoPlist.strings */,
				A6F3F5721640F1FB0070E6AE /* main.m */,
				A6F3F5741640F1FB0070E6AE /* InternetMap-Prefix.pch */,
				A6F3F5781640F1FB0070E6AE /* Default.png */,
				A6F3F57A1640F1FB0070E6AE /* Default@2x.png */,
				A6F3F57C1640F1FB0070E6AE /* Default-568h@2x.png */,
			);
			name = "Supporting Files";
			path = InternetMap;
			sourceTree = "<group>";
		};
		D4CEA32016694E53004B8E8A /* Images */ = {
			isa = PBXGroup;
			children = (
				D4CEA32216694E65004B8E8A /* eye.png */,
				D4CEA32316694E65004B8E8A /* eye@2x.png */,
				D4CEA32416694E65004B8E8A /* peer1logo.png */,
				D4CEA32516694E65004B8E8A /* peer1logo@2x.png */,
				D4CEA32616694E65004B8E8A /* search.png */,
				D4CEA32716694E65004B8E8A /* search@2x.png */,
				D4CEA32816694E65004B8E8A /* travelback.png */,
				D4CEA32916694E65004B8E8A /* travelback@2x.png */,
				D4CEA32A16694E65004B8E8A /* youarehere.png */,
				D4CEA32B16694E65004B8E8A /* youarehere@2x.png */,
			);
			name = Images;
			sourceTree = "<group>";
		};
		D4D17D20166EA621003A489C /* XIBs */ = {
			isa = PBXGroup;
			children = (
				D4D17D1D166EA613003A489C /* NodeInformationViewController.xib */,
				A6F3F5881640F1FB0070E6AE /* ViewController_iPad.xib */,
				A6F3F5851640F1FB0070E6AE /* ViewController_iPhone.xib */,
			);
			name = XIBs;
			sourceTree = "<group>";
		};
		D4F65DD9166D56A90077BF5A /* 3rd Party Code */ = {
			isa = PBXGroup;
			children = (
			);
			name = "3rd Party Code";
			sourceTree = "<group>";
		};
/* End PBXGroup section */

/* Begin PBXNativeTarget section */
		A6F3F55D1640F1FB0070E6AE /* InternetMap */ = {
			isa = PBXNativeTarget;
			buildConfigurationList = A6F3F58D1640F1FB0070E6AE /* Build configuration list for PBXNativeTarget "InternetMap" */;
			buildPhases = (
				A6F3F55A1640F1FB0070E6AE /* Sources */,
				A6F3F55B1640F1FB0070E6AE /* Frameworks */,
				A6F3F55C1640F1FB0070E6AE /* Resources */,
			);
			buildRules = (
			);
			dependencies = (
			);
			name = InternetMap;
			productName = InternetMap;
			productReference = A6F3F55E1640F1FB0070E6AE /* InternetMap.app */;
			productType = "com.apple.product-type.application";
		};
/* End PBXNativeTarget section */

/* Begin PBXProject section */
		A6F3F5551640F1FB0070E6AE /* Project object */ = {
			isa = PBXProject;
			attributes = {
				LastUpgradeCheck = 0450;
				ORGANIZATIONNAME = Peer1;
			};
			buildConfigurationList = A6F3F5581640F1FB0070E6AE /* Build configuration list for PBXProject "InternetMap" */;
			compatibilityVersion = "Xcode 3.2";
			developmentRegion = English;
			hasScannedForEncodings = 0;
			knownRegions = (
				en,
			);
			mainGroup = A6F3F5531640F1FB0070E6AE;
			productRefGroup = A6F3F55F1640F1FB0070E6AE /* Products */;
			projectDirPath = "";
			projectRoot = "";
			targets = (
				A6F3F55D1640F1FB0070E6AE /* InternetMap */,
			);
		};
/* End PBXProject section */

/* Begin PBXResourcesBuildPhase section */
		A6F3F55C1640F1FB0070E6AE /* Resources */ = {
			isa = PBXResourcesBuildPhase;
			buildActionMask = 2147483647;
			files = (
				A6B56BFA165AF98D00DDE753 /* line.fsh in Resources */,
				A6B56BFB165AF98D00DDE753 /* line.vsh in Resources */,
				A6F3F5711640F1FB0070E6AE /* InfoPlist.strings in Resources */,
				A6F3F5791640F1FB0070E6AE /* Default.png in Resources */,
				A6F3F57B1640F1FB0070E6AE /* Default@2x.png in Resources */,
				A6F3F57D1640F1FB0070E6AE /* Default-568h@2x.png in Resources */,
				A6F3F57F1640F1FB0070E6AE /* node.fsh in Resources */,
				A6F3F5811640F1FB0070E6AE /* node.vsh in Resources */,
				A6F3F5871640F1FB0070E6AE /* ViewController_iPhone.xib in Resources */,
				A6F3F58A1640F1FB0070E6AE /* ViewController_iPad.xib in Resources */,
				A6F3F5911640F7080070E6AE /* data.txt in Resources */,
				1FFD9C87165C9E7400FED149 /* as2attr.txt in Resources */,
				D4CEA32C16694E65004B8E8A /* eye.png in Resources */,
				D4CEA32D16694E65004B8E8A /* eye@2x.png in Resources */,
				D4CEA32E16694E65004B8E8A /* peer1logo.png in Resources */,
				D4CEA32F16694E65004B8E8A /* peer1logo@2x.png in Resources */,
				D4CEA33016694E65004B8E8A /* search.png in Resources */,
				D4CEA33116694E65004B8E8A /* search@2x.png in Resources */,
				D4CEA33216694E65004B8E8A /* travelback.png in Resources */,
				D4CEA33316694E65004B8E8A /* travelback@2x.png in Resources */,
				D4CEA33416694E65004B8E8A /* youarehere.png in Resources */,
				D4CEA33516694E65004B8E8A /* youarehere@2x.png in Resources */,
				D4D17D1F166EA613003A489C /* NodeInformationViewController.xib in Resources */,
				1FA5962E167931F800C7E703 /* asinfo.json in Resources */,
			);
			runOnlyForDeploymentPostprocessing = 0;
		};
/* End PBXResourcesBuildPhase section */

/* Begin PBXSourcesBuildPhase section */
		A6F3F55A1640F1FB0070E6AE /* Sources */ = {
			isa = PBXSourcesBuildPhase;
			buildActionMask = 2147483647;
			files = (
				A6F3F5731640F1FB0070E6AE /* main.m in Sources */,
				A6F3F5771640F1FB0070E6AE /* AppDelegate.m in Sources */,
				A6F3F5841640F1FB0070E6AE /* ViewController.m in Sources */,
				A6D54A8C16544DBF00028B51 /* MapDisplay.m in Sources */,
				A6D54A8F1654532100028B51 /* MapData.m in Sources */,
				A6B56BF2165AE28A00DDE753 /* Node.m in Sources */,
				A6B56BF9165AF53F00DDE753 /* Program.m in Sources */,
				A6DC6610165E926100EDA4F6 /* Camera.m in Sources */,
				A6DC6614165EE8FA00EDA4F6 /* DefaultVisualization.m in Sources */,
				11134D2416695AD60061BDED /* HelperMethods.m in Sources */,
				D4CEA338166962F8004B8E8A /* VisualizationsTableViewController.m in Sources */,
				D4F65E02166D6D530077BF5A /* NodeSearchViewController.m in Sources */,
				D4D17D1E166EA613003A489C /* NodeInformationViewController.m in Sources */,
				11D4CFBC1677B67200ED328D /* SCDispatchQueue.m in Sources */,
				A6E6DB681676A0CE00B78F44 /* Lines.m in Sources */,
				A6E6DB6C1676B6C800B78F44 /* Connection.m in Sources */,
				11D4CFC41677DAE400ED328D /* IndexBox.m in Sources */,
				113D861916795AB900A15888 /* ASNRequest.m in Sources */,
			);
			runOnlyForDeploymentPostprocessing = 0;
		};
/* End PBXSourcesBuildPhase section */

/* Begin PBXVariantGroup section */
		A6F3F56F1640F1FB0070E6AE /* InfoPlist.strings */ = {
			isa = PBXVariantGroup;
			children = (
				A6F3F5701640F1FB0070E6AE /* en */,
			);
			name = InfoPlist.strings;
			sourceTree = "<group>";
		};
		A6F3F5851640F1FB0070E6AE /* ViewController_iPhone.xib */ = {
			isa = PBXVariantGroup;
			children = (
				A6F3F5861640F1FB0070E6AE /* en */,
			);
			name = ViewController_iPhone.xib;
			sourceTree = "<group>";
		};
		A6F3F5881640F1FB0070E6AE /* ViewController_iPad.xib */ = {
			isa = PBXVariantGroup;
			children = (
				A6F3F5891640F1FB0070E6AE /* en */,
			);
			name = ViewController_iPad.xib;
			sourceTree = "<group>";
		};
/* End PBXVariantGroup section */

/* Begin XCBuildConfiguration section */
		A6F3F58B1640F1FB0070E6AE /* Debug */ = {
			isa = XCBuildConfiguration;
			buildSettings = {
				ALWAYS_SEARCH_USER_PATHS = NO;
				CLANG_CXX_LANGUAGE_STANDARD = "gnu++0x";
				CLANG_CXX_LIBRARY = "libc++";
				CLANG_ENABLE_OBJC_ARC = YES;
				CLANG_WARN_EMPTY_BODY = YES;
				CLANG_WARN__DUPLICATE_METHOD_MATCH = YES;
				"CODE_SIGN_IDENTITY[sdk=iphoneos*]" = "iPhone Developer";
				COPY_PHASE_STRIP = NO;
				GCC_C_LANGUAGE_STANDARD = gnu99;
				GCC_DYNAMIC_NO_PIC = NO;
				GCC_OPTIMIZATION_LEVEL = 0;
				GCC_PREPROCESSOR_DEFINITIONS = (
					"DEBUG=1",
					"$(inherited)",
				);
				GCC_SYMBOLS_PRIVATE_EXTERN = NO;
				GCC_WARN_ABOUT_RETURN_TYPE = YES;
				GCC_WARN_UNINITIALIZED_AUTOS = YES;
				GCC_WARN_UNUSED_VARIABLE = YES;
				IPHONEOS_DEPLOYMENT_TARGET = 6.0;
				ONLY_ACTIVE_ARCH = YES;
				SDKROOT = iphoneos;
				TARGETED_DEVICE_FAMILY = "1,2";
			};
			name = Debug;
		};
		A6F3F58C1640F1FB0070E6AE /* Release */ = {
			isa = XCBuildConfiguration;
			buildSettings = {
				ALWAYS_SEARCH_USER_PATHS = NO;
				CLANG_CXX_LANGUAGE_STANDARD = "gnu++0x";
				CLANG_CXX_LIBRARY = "libc++";
				CLANG_ENABLE_OBJC_ARC = YES;
				CLANG_WARN_EMPTY_BODY = YES;
				CLANG_WARN__DUPLICATE_METHOD_MATCH = YES;
				"CODE_SIGN_IDENTITY[sdk=iphoneos*]" = "iPhone Developer";
				COPY_PHASE_STRIP = YES;
				GCC_C_LANGUAGE_STANDARD = gnu99;
				GCC_WARN_ABOUT_RETURN_TYPE = YES;
				GCC_WARN_UNINITIALIZED_AUTOS = YES;
				GCC_WARN_UNUSED_VARIABLE = YES;
				IPHONEOS_DEPLOYMENT_TARGET = 6.0;
				OTHER_CFLAGS = "-DNS_BLOCK_ASSERTIONS=1";
				SDKROOT = iphoneos;
				TARGETED_DEVICE_FAMILY = "1,2";
				VALIDATE_PRODUCT = YES;
			};
			name = Release;
		};
		A6F3F58E1640F1FB0070E6AE /* Debug */ = {
			isa = XCBuildConfiguration;
			buildSettings = {
				GCC_PRECOMPILE_PREFIX_HEADER = YES;
				GCC_PREFIX_HEADER = "InternetMap/InternetMap-Prefix.pch";
				GCC_TREAT_WARNINGS_AS_ERRORS = YES;
				INFOPLIST_FILE = "InternetMap/InternetMap-Info.plist";
				IPHONEOS_DEPLOYMENT_TARGET = 5.0;
				PRODUCT_NAME = "$(TARGET_NAME)";
				RUN_CLANG_STATIC_ANALYZER = YES;
				WRAPPER_EXTENSION = app;
			};
			name = Debug;
		};
		A6F3F58F1640F1FB0070E6AE /* Release */ = {
			isa = XCBuildConfiguration;
			buildSettings = {
				GCC_PRECOMPILE_PREFIX_HEADER = YES;
				GCC_PREFIX_HEADER = "InternetMap/InternetMap-Prefix.pch";
				GCC_TREAT_WARNINGS_AS_ERRORS = YES;
				INFOPLIST_FILE = "InternetMap/InternetMap-Info.plist";
				IPHONEOS_DEPLOYMENT_TARGET = 5.0;
				PRODUCT_NAME = "$(TARGET_NAME)";
				RUN_CLANG_STATIC_ANALYZER = YES;
				WRAPPER_EXTENSION = app;
			};
			name = Release;
		};
/* End XCBuildConfiguration section */

/* Begin XCConfigurationList section */
		A6F3F5581640F1FB0070E6AE /* Build configuration list for PBXProject "InternetMap" */ = {
			isa = XCConfigurationList;
			buildConfigurations = (
				A6F3F58B1640F1FB0070E6AE /* Debug */,
				A6F3F58C1640F1FB0070E6AE /* Release */,
			);
			defaultConfigurationIsVisible = 0;
			defaultConfigurationName = Release;
		};
		A6F3F58D1640F1FB0070E6AE /* Build configuration list for PBXNativeTarget "InternetMap" */ = {
			isa = XCConfigurationList;
			buildConfigurations = (
				A6F3F58E1640F1FB0070E6AE /* Debug */,
				A6F3F58F1640F1FB0070E6AE /* Release */,
			);
			defaultConfigurationIsVisible = 0;
			defaultConfigurationName = Release;
		};
/* End XCConfigurationList section */
	};
	rootObject = A6F3F5551640F1FB0070E6AE /* Project object */;
}
